// !$*UTF8*$!
{
	archiveVersion = 1;
	classes = {
	};
	objectVersion = 51;
	objects = {

/* Begin PBXBuildFile section */
		282B7EBB26ABBF7F00C72A76 /* SettingModel.swift in Sources */ = {isa = PBXBuildFile; fileRef = 282B7EBA26ABBF7F00C72A76 /* SettingModel.swift */; };
		282B7EBD26ABC17B00C72A76 /* SettingVM.swift in Sources */ = {isa = PBXBuildFile; fileRef = 282B7EBC26ABC17B00C72A76 /* SettingVM.swift */; };
		282B7EBF26ABC69800C72A76 /* BaseTableViewCell.swift in Sources */ = {isa = PBXBuildFile; fileRef = 282B7EBE26ABC69800C72A76 /* BaseTableViewCell.swift */; };
		282B7EC226ABC6CC00C72A76 /* SettingViewCell.swift in Sources */ = {isa = PBXBuildFile; fileRef = 282B7EC026ABC6CC00C72A76 /* SettingViewCell.swift */; };
		282B7EC326ABC6CC00C72A76 /* SettingViewCell.xib in Resources */ = {isa = PBXBuildFile; fileRef = 282B7EC126ABC6CC00C72A76 /* SettingViewCell.xib */; };
		282B7EC526AC0E5400C72A76 /* lookArt.js in Resources */ = {isa = PBXBuildFile; fileRef = 282B7EC426AC0E5300C72A76 /* lookArt.js */; };
		282B7EC826AC10C700C72A76 /* WebScriptComponent.swift in Sources */ = {isa = PBXBuildFile; fileRef = 282B7EC726AC10C700C72A76 /* WebScriptComponent.swift */; };
		282B7ECA26AC1A0200C72A76 /* WebConfigComponent.swift in Sources */ = {isa = PBXBuildFile; fileRef = 282B7EC926AC1A0200C72A76 /* WebConfigComponent.swift */; };
		282B7ECC26AC223000C72A76 /* WKUserScript_Extension.swift in Sources */ = {isa = PBXBuildFile; fileRef = 282B7ECB26AC223000C72A76 /* WKUserScript_Extension.swift */; };
		2836663D261A8DFB0094D707 /* PersonalFavoritesController.swift in Sources */ = {isa = PBXBuildFile; fileRef = 2836663B261A8DFB0094D707 /* PersonalFavoritesController.swift */; };
		2836663E261A8DFB0094D707 /* PersonalFavoritesController.xib in Resources */ = {isa = PBXBuildFile; fileRef = 2836663C261A8DFB0094D707 /* PersonalFavoritesController.xib */; };
		28366644261A91E40094D707 /* PersonalFavoriteCell.swift in Sources */ = {isa = PBXBuildFile; fileRef = 28366642261A91E40094D707 /* PersonalFavoriteCell.swift */; };
		28366645261A91E40094D707 /* PersonalFavoriteCell.xib in Resources */ = {isa = PBXBuildFile; fileRef = 28366643261A91E40094D707 /* PersonalFavoriteCell.xib */; };
		2836664B261A94BB0094D707 /* Importlibrary.swift in Sources */ = {isa = PBXBuildFile; fileRef = 2836664A261A94BB0094D707 /* Importlibrary.swift */; };
		28366653261AD0F30094D707 /* PersonalFavoritesVM.swift in Sources */ = {isa = PBXBuildFile; fileRef = 28366652261AD0F30094D707 /* PersonalFavoritesVM.swift */; };
		28366658261AD4E70094D707 /* WebSiteModel.swift in Sources */ = {isa = PBXBuildFile; fileRef = 28366657261AD4E70094D707 /* WebSiteModel.swift */; };
		2836666B261C9A480094D707 /* UICollectionView_Rx.swift in Sources */ = {isa = PBXBuildFile; fileRef = 2836666A261C9A480094D707 /* UICollectionView_Rx.swift */; };
		2836668A2631C6390094D707 /* WKWebview_Rx.swift in Sources */ = {isa = PBXBuildFile; fileRef = 283666892631C6390094D707 /* WKWebview_Rx.swift */; };
		2836668F263D87FC0094D707 /* Extension_Rx.swift in Sources */ = {isa = PBXBuildFile; fileRef = 2836668E263D87FC0094D707 /* Extension_Rx.swift */; };
		2836669726402B5E0094D707 /* UIScreen_Extension.swift in Sources */ = {isa = PBXBuildFile; fileRef = 2836669626402B5E0094D707 /* UIScreen_Extension.swift */; };
		283666AC264043640094D707 /* ContextMenuPreview.swift in Sources */ = {isa = PBXBuildFile; fileRef = 283666AB264043640094D707 /* ContextMenuPreview.swift */; };
		283666B12640438E0094D707 /* ContextMenuPreview.xib in Resources */ = {isa = PBXBuildFile; fileRef = 283666B02640438E0094D707 /* ContextMenuPreview.xib */; };
		283F7B07260488860055FC7D /* TabController.swift in Sources */ = {isa = PBXBuildFile; fileRef = 283F7B05260488860055FC7D /* TabController.swift */; };
		28554D932609C357006CB16A /* WebNavigationController.swift in Sources */ = {isa = PBXBuildFile; fileRef = 28554D922609C357006CB16A /* WebNavigationController.swift */; };
		286967EF26B0590400956BA1 /* test_1.js in Resources */ = {isa = PBXBuildFile; fileRef = 286967EE26B0590400956BA1 /* test_1.js */; };
		286FF9D725EB239E00AC482A /* TabCell.swift in Sources */ = {isa = PBXBuildFile; fileRef = 286FF9D525EB239E00AC482A /* TabCell.swift */; };
		286FF9D825EB239E00AC482A /* TabCell.xib in Resources */ = {isa = PBXBuildFile; fileRef = 286FF9D625EB239E00AC482A /* TabCell.xib */; };
		286FF9DD25EB364200AC482A /* TabLayout.swift in Sources */ = {isa = PBXBuildFile; fileRef = 286FF9DC25EB364200AC482A /* TabLayout.swift */; };
		286FF9EC25F6316000AC482A /* TabLayoutAttributes.swift in Sources */ = {isa = PBXBuildFile; fileRef = 286FF9EB25F6316000AC482A /* TabLayoutAttributes.swift */; };
		288DF8CD26AB717D00767F15 /* UIActivity_Extension.swift in Sources */ = {isa = PBXBuildFile; fileRef = 288DF8CC26AB717D00767F15 /* UIActivity_Extension.swift */; };
		288DF8CF26AB7B2200767F15 /* LookArtActivityController.swift in Sources */ = {isa = PBXBuildFile; fileRef = 288DF8CE26AB7B2200767F15 /* LookArtActivityController.swift */; };
		288DF8D326AB806100767F15 /* SettingViewController.swift in Sources */ = {isa = PBXBuildFile; fileRef = 288DF8D126AB806100767F15 /* SettingViewController.swift */; };
		288DF8D426AB806100767F15 /* SettingViewController.xib in Resources */ = {isa = PBXBuildFile; fileRef = 288DF8D226AB806100767F15 /* SettingViewController.xib */; };
		288DF8D626AB875F00767F15 /* UIWindow_Extension.swift in Sources */ = {isa = PBXBuildFile; fileRef = 288DF8D526AB875F00767F15 /* UIWindow_Extension.swift */; };
		28B6AB9026194863008F73B2 /* WebSearchController.swift in Sources */ = {isa = PBXBuildFile; fileRef = 28B6AB8E26194863008F73B2 /* WebSearchController.swift */; };
		28B6AB9126194863008F73B2 /* WebSearchController.xib in Resources */ = {isa = PBXBuildFile; fileRef = 28B6AB8F26194863008F73B2 /* WebSearchController.xib */; };
		28BA172C25DBEC3A00861E62 /* WebSearchBar.swift in Sources */ = {isa = PBXBuildFile; fileRef = 28BA172B25DBEC3A00861E62 /* WebSearchBar.swift */; };
		28BA173425DCB8DB00861E62 /* UINavigationBar_Extension.swift in Sources */ = {isa = PBXBuildFile; fileRef = 28BA173325DCB8DB00861E62 /* UINavigationBar_Extension.swift */; };
		28BA173A25DDF67300861E62 /* test_html.html in Resources */ = {isa = PBXBuildFile; fileRef = 28BA173925DDF67300861E62 /* test_html.html */; };
		28D41CD325D403CA008696AC /* AppDelegate.swift in Sources */ = {isa = PBXBuildFile; fileRef = 28D41CD225D403CA008696AC /* AppDelegate.swift */; };
		28D41CD525D403CA008696AC /* SceneDelegate.swift in Sources */ = {isa = PBXBuildFile; fileRef = 28D41CD425D403CA008696AC /* SceneDelegate.swift */; };
		28D41CD725D403CA008696AC /* ViewController.swift in Sources */ = {isa = PBXBuildFile; fileRef = 28D41CD625D403CA008696AC /* ViewController.swift */; };
		28D41CDA25D403CA008696AC /* Main.storyboard in Resources */ = {isa = PBXBuildFile; fileRef = 28D41CD825D403CA008696AC /* Main.storyboard */; };
		28D41CDC25D403CB008696AC /* Assets.xcassets in Resources */ = {isa = PBXBuildFile; fileRef = 28D41CDB25D403CB008696AC /* Assets.xcassets */; };
		28D41CDF25D403CB008696AC /* LaunchScreen.storyboard in Resources */ = {isa = PBXBuildFile; fileRef = 28D41CDD25D403CB008696AC /* LaunchScreen.storyboard */; };
		28D41CEA25D403CB008696AC /* LookArtTests.swift in Sources */ = {isa = PBXBuildFile; fileRef = 28D41CE925D403CB008696AC /* LookArtTests.swift */; };
		28D41CF525D403CB008696AC /* LookArtUITests.swift in Sources */ = {isa = PBXBuildFile; fileRef = 28D41CF425D403CB008696AC /* LookArtUITests.swift */; };
		28D41D1225D40425008696AC /* user-script9.js in Resources */ = {isa = PBXBuildFile; fileRef = 28D41D0625D40425008696AC /* user-script9.js */; };
		28D41D1325D40425008696AC /* user-script2.js in Resources */ = {isa = PBXBuildFile; fileRef = 28D41D0725D40425008696AC /* user-script2.js */; };
		28D41D1425D40425008696AC /* user-script5.js in Resources */ = {isa = PBXBuildFile; fileRef = 28D41D0825D40425008696AC /* user-script5.js */; };
		28D41D1525D40425008696AC /* user-script4.js in Resources */ = {isa = PBXBuildFile; fileRef = 28D41D0925D40425008696AC /* user-script4.js */; };
		28D41D1625D40425008696AC /* user-script11.js in Resources */ = {isa = PBXBuildFile; fileRef = 28D41D0A25D40425008696AC /* user-script11.js */; };
		28D41D1725D40425008696AC /* user-script12.js in Resources */ = {isa = PBXBuildFile; fileRef = 28D41D0B25D40425008696AC /* user-script12.js */; };
		28D41D1825D40425008696AC /* user-script8.js in Resources */ = {isa = PBXBuildFile; fileRef = 28D41D0C25D40425008696AC /* user-script8.js */; };
		28D41D1925D40425008696AC /* user-script6.js in Resources */ = {isa = PBXBuildFile; fileRef = 28D41D0D25D40425008696AC /* user-script6.js */; };
		28D41D1A25D40425008696AC /* user-script3.js in Resources */ = {isa = PBXBuildFile; fileRef = 28D41D0E25D40425008696AC /* user-script3.js */; };
		28D41D1B25D40425008696AC /* user-script10.js in Resources */ = {isa = PBXBuildFile; fileRef = 28D41D0F25D40425008696AC /* user-script10.js */; };
		28D41D1C25D40425008696AC /* user-script1.js in Resources */ = {isa = PBXBuildFile; fileRef = 28D41D1025D40425008696AC /* user-script1.js */; };
		28D41D1D25D40425008696AC /* user-script7.js in Resources */ = {isa = PBXBuildFile; fileRef = 28D41D1125D40425008696AC /* user-script7.js */; };
		28E5A96C25D618B000750E3B /* WebServer.swift in Sources */ = {isa = PBXBuildFile; fileRef = 28E5A96B25D618B000750E3B /* WebServer.swift */; };
		28E5A98A25D63A3E00750E3B /* String_Extension.swift in Sources */ = {isa = PBXBuildFile; fileRef = 28E5A98025D63A3E00750E3B /* String_Extension.swift */; };
		28E5A98B25D63A3E00750E3B /* WKWebView_Extension.swift in Sources */ = {isa = PBXBuildFile; fileRef = 28E5A98125D63A3E00750E3B /* WKWebView_Extension.swift */; };
		28E5A98C25D63A3E00750E3B /* UITextField_Extension.swift in Sources */ = {isa = PBXBuildFile; fileRef = 28E5A98225D63A3E00750E3B /* UITextField_Extension.swift */; };
		28E5A98D25D63A3E00750E3B /* UIApplication_Extension.swift in Sources */ = {isa = PBXBuildFile; fileRef = 28E5A98325D63A3E00750E3B /* UIApplication_Extension.swift */; };
		28E5A98E25D63A3E00750E3B /* CollectionView_Extension.swift in Sources */ = {isa = PBXBuildFile; fileRef = 28E5A98425D63A3E00750E3B /* CollectionView_Extension.swift */; };
		28E5A98F25D63A3E00750E3B /* WKWebviewConfiguration_Extension.swift in Sources */ = {isa = PBXBuildFile; fileRef = 28E5A98525D63A3E00750E3B /* WKWebviewConfiguration_Extension.swift */; };
		28E5A99025D63A3E00750E3B /* FileManager_Extension.swift in Sources */ = {isa = PBXBuildFile; fileRef = 28E5A98625D63A3E00750E3B /* FileManager_Extension.swift */; };
		28E5A99125D63A3E00750E3B /* UIViewController_Extension.swift in Sources */ = {isa = PBXBuildFile; fileRef = 28E5A98725D63A3E00750E3B /* UIViewController_Extension.swift */; };
		28E5A99225D63A3E00750E3B /* UINavigationController_Extension.swift in Sources */ = {isa = PBXBuildFile; fileRef = 28E5A98825D63A3E00750E3B /* UINavigationController_Extension.swift */; };
		28E5A99325D63A3E00750E3B /* UIView_Extension.swift in Sources */ = {isa = PBXBuildFile; fileRef = 28E5A98925D63A3E00750E3B /* UIView_Extension.swift */; };
		28E5A99C25D63A5D00750E3B /* BaseWebView.swift in Sources */ = {isa = PBXBuildFile; fileRef = 28E5A99825D63A5D00750E3B /* BaseWebView.swift */; };
		28E5A99D25D63A5D00750E3B /* BaseViewController.swift in Sources */ = {isa = PBXBuildFile; fileRef = 28E5A99925D63A5D00750E3B /* BaseViewController.swift */; };
		28E5A99E25D63A5D00750E3B /* BaseNavigationController.swift in Sources */ = {isa = PBXBuildFile; fileRef = 28E5A99A25D63A5D00750E3B /* BaseNavigationController.swift */; };
		28E5A99F25D63A5D00750E3B /* BaseView.swift in Sources */ = {isa = PBXBuildFile; fileRef = 28E5A99B25D63A5D00750E3B /* BaseView.swift */; };
		28E5A9A525D63B2B00750E3B /* WebController.swift in Sources */ = {isa = PBXBuildFile; fileRef = 28E5A9A325D63B2B00750E3B /* WebController.swift */; };
		28E5A9A625D63B2B00750E3B /* WebController.xib in Resources */ = {isa = PBXBuildFile; fileRef = 28E5A9A425D63B2B00750E3B /* WebController.xib */; };
		28E5A9AB25D63BE400750E3B /* TabWebView.swift in Sources */ = {isa = PBXBuildFile; fileRef = 28E5A9AA25D63BE400750E3B /* TabWebView.swift */; };
		28E5A9BA25D6468600750E3B /* WebConfig.swift in Sources */ = {isa = PBXBuildFile; fileRef = 28E5A9B925D6468600750E3B /* WebConfig.swift */; };
		4D83B2B8F766D19377B57113 /* Pods_LookArt.framework in Frameworks */ = {isa = PBXBuildFile; fileRef = 4A0B664EED11C59CD47E75B5 /* Pods_LookArt.framework */; };
		62EDA4100BFCEF62DAF0A938 /* Pods_LookArtTests.framework in Frameworks */ = {isa = PBXBuildFile; fileRef = BA026852061FDC8D7AA97B31 /* Pods_LookArtTests.framework */; };
		82475B963FC1B12832656815 /* Pods_LookArt_LookArtUITests.framework in Frameworks */ = {isa = PBXBuildFile; fileRef = 93554BAF47E3A1A1137CDD20 /* Pods_LookArt_LookArtUITests.framework */; };
		E92D2C0726E1BAA90011B81D /* WebToolBar.swift in Sources */ = {isa = PBXBuildFile; fileRef = E92D2C0626E1BAA90011B81D /* WebToolBar.swift */; };
		E92D2C0926E99AA00011B81D /* BaseProgressView.swift in Sources */ = {isa = PBXBuildFile; fileRef = E92D2C0826E99AA00011B81D /* BaseProgressView.swift */; };
		E943FB5026A188B600B67C30 /* UIBaseConfig.swift in Sources */ = {isa = PBXBuildFile; fileRef = E943FB4F26A188B600B67C30 /* UIBaseConfig.swift */; };
		E955AAF226DCE051005FE4EF /* UIProgressView_Rx.swift in Sources */ = {isa = PBXBuildFile; fileRef = E955AAF126DCE051005FE4EF /* UIProgressView_Rx.swift */; };
		E9DD1C29267CA2EA00586F26 /* SettingActivity.swift in Sources */ = {isa = PBXBuildFile; fileRef = E9DD1C28267CA2EA00586F26 /* SettingActivity.swift */; };
		E9DD1C2E2684173900586F26 /* SearchBar.swift in Sources */ = {isa = PBXBuildFile; fileRef = E9DD1C2D2684173900586F26 /* SearchBar.swift */; };
/* End PBXBuildFile section */

/* Begin PBXContainerItemProxy section */
		28D41CE625D403CB008696AC /* PBXContainerItemProxy */ = {
			isa = PBXContainerItemProxy;
			containerPortal = 28D41CC725D403CA008696AC /* Project object */;
			proxyType = 1;
			remoteGlobalIDString = 28D41CCE25D403CA008696AC;
			remoteInfo = LookArt;
		};
		28D41CF125D403CB008696AC /* PBXContainerItemProxy */ = {
			isa = PBXContainerItemProxy;
			containerPortal = 28D41CC725D403CA008696AC /* Project object */;
			proxyType = 1;
			remoteGlobalIDString = 28D41CCE25D403CA008696AC;
			remoteInfo = LookArt;
		};
/* End PBXContainerItemProxy section */

/* Begin PBXFileReference section */
		03C4276F12A968BE493CD376 /* Pods-LookArt.debug.xcconfig */ = {isa = PBXFileReference; includeInIndex = 1; lastKnownFileType = text.xcconfig; name = "Pods-LookArt.debug.xcconfig"; path = "Target Support Files/Pods-LookArt/Pods-LookArt.debug.xcconfig"; sourceTree = "<group>"; };
		15EF7115A5E5522A72F64341 /* Pods-LookArt-LookArtUITests.debug.xcconfig */ = {isa = PBXFileReference; includeInIndex = 1; lastKnownFileType = text.xcconfig; name = "Pods-LookArt-LookArtUITests.debug.xcconfig"; path = "Target Support Files/Pods-LookArt-LookArtUITests/Pods-LookArt-LookArtUITests.debug.xcconfig"; sourceTree = "<group>"; };
		19D9FF881B5D805F145F1BF3 /* Pods-LookArtTests.debug.xcconfig */ = {isa = PBXFileReference; includeInIndex = 1; lastKnownFileType = text.xcconfig; name = "Pods-LookArtTests.debug.xcconfig"; path = "Target Support Files/Pods-LookArtTests/Pods-LookArtTests.debug.xcconfig"; sourceTree = "<group>"; };
		282B7EBA26ABBF7F00C72A76 /* SettingModel.swift */ = {isa = PBXFileReference; lastKnownFileType = sourcecode.swift; path = SettingModel.swift; sourceTree = "<group>"; };
		282B7EBC26ABC17B00C72A76 /* SettingVM.swift */ = {isa = PBXFileReference; lastKnownFileType = sourcecode.swift; path = SettingVM.swift; sourceTree = "<group>"; };
		282B7EBE26ABC69800C72A76 /* BaseTableViewCell.swift */ = {isa = PBXFileReference; lastKnownFileType = sourcecode.swift; path = BaseTableViewCell.swift; sourceTree = "<group>"; };
		282B7EC026ABC6CC00C72A76 /* SettingViewCell.swift */ = {isa = PBXFileReference; lastKnownFileType = sourcecode.swift; path = SettingViewCell.swift; sourceTree = "<group>"; };
		282B7EC126ABC6CC00C72A76 /* SettingViewCell.xib */ = {isa = PBXFileReference; lastKnownFileType = file.xib; path = SettingViewCell.xib; sourceTree = "<group>"; };
		282B7EC426AC0E5300C72A76 /* lookArt.js */ = {isa = PBXFileReference; fileEncoding = 4; lastKnownFileType = sourcecode.javascript; path = lookArt.js; sourceTree = "<group>"; };
		282B7EC726AC10C700C72A76 /* WebScriptComponent.swift */ = {isa = PBXFileReference; lastKnownFileType = sourcecode.swift; path = WebScriptComponent.swift; sourceTree = "<group>"; };
		282B7EC926AC1A0200C72A76 /* WebConfigComponent.swift */ = {isa = PBXFileReference; lastKnownFileType = sourcecode.swift; path = WebConfigComponent.swift; sourceTree = "<group>"; };
		282B7ECB26AC223000C72A76 /* WKUserScript_Extension.swift */ = {isa = PBXFileReference; lastKnownFileType = sourcecode.swift; path = WKUserScript_Extension.swift; sourceTree = "<group>"; };
		2836663B261A8DFB0094D707 /* PersonalFavoritesController.swift */ = {isa = PBXFileReference; lastKnownFileType = sourcecode.swift; path = PersonalFavoritesController.swift; sourceTree = "<group>"; };
		2836663C261A8DFB0094D707 /* PersonalFavoritesController.xib */ = {isa = PBXFileReference; lastKnownFileType = file.xib; path = PersonalFavoritesController.xib; sourceTree = "<group>"; };
		28366642261A91E40094D707 /* PersonalFavoriteCell.swift */ = {isa = PBXFileReference; lastKnownFileType = sourcecode.swift; path = PersonalFavoriteCell.swift; sourceTree = "<group>"; };
		28366643261A91E40094D707 /* PersonalFavoriteCell.xib */ = {isa = PBXFileReference; lastKnownFileType = file.xib; path = PersonalFavoriteCell.xib; sourceTree = "<group>"; };
		2836664A261A94BB0094D707 /* Importlibrary.swift */ = {isa = PBXFileReference; lastKnownFileType = sourcecode.swift; path = Importlibrary.swift; sourceTree = "<group>"; };
		28366652261AD0F30094D707 /* PersonalFavoritesVM.swift */ = {isa = PBXFileReference; lastKnownFileType = sourcecode.swift; path = PersonalFavoritesVM.swift; sourceTree = "<group>"; };
		28366657261AD4E70094D707 /* WebSiteModel.swift */ = {isa = PBXFileReference; lastKnownFileType = sourcecode.swift; path = WebSiteModel.swift; sourceTree = "<group>"; };
		2836666A261C9A480094D707 /* UICollectionView_Rx.swift */ = {isa = PBXFileReference; lastKnownFileType = sourcecode.swift; path = UICollectionView_Rx.swift; sourceTree = "<group>"; };
		283666892631C6390094D707 /* WKWebview_Rx.swift */ = {isa = PBXFileReference; lastKnownFileType = sourcecode.swift; path = WKWebview_Rx.swift; sourceTree = "<group>"; };
		2836668E263D87FC0094D707 /* Extension_Rx.swift */ = {isa = PBXFileReference; lastKnownFileType = sourcecode.swift; path = Extension_Rx.swift; sourceTree = "<group>"; };
		2836669626402B5E0094D707 /* UIScreen_Extension.swift */ = {isa = PBXFileReference; fileEncoding = 4; lastKnownFileType = sourcecode.swift; path = UIScreen_Extension.swift; sourceTree = "<group>"; };
		283666AB264043640094D707 /* ContextMenuPreview.swift */ = {isa = PBXFileReference; lastKnownFileType = sourcecode.swift; path = ContextMenuPreview.swift; sourceTree = "<group>"; };
		283666B02640438E0094D707 /* ContextMenuPreview.xib */ = {isa = PBXFileReference; lastKnownFileType = file.xib; path = ContextMenuPreview.xib; sourceTree = "<group>"; };
		283F7B05260488860055FC7D /* TabController.swift */ = {isa = PBXFileReference; lastKnownFileType = sourcecode.swift; path = TabController.swift; sourceTree = "<group>"; };
		28554D922609C357006CB16A /* WebNavigationController.swift */ = {isa = PBXFileReference; lastKnownFileType = sourcecode.swift; path = WebNavigationController.swift; sourceTree = "<group>"; };
		286967EE26B0590400956BA1 /* test_1.js */ = {isa = PBXFileReference; fileEncoding = 4; lastKnownFileType = sourcecode.javascript; path = test_1.js; sourceTree = "<group>"; };
		286FF9D525EB239E00AC482A /* TabCell.swift */ = {isa = PBXFileReference; lastKnownFileType = sourcecode.swift; path = TabCell.swift; sourceTree = "<group>"; };
		286FF9D625EB239E00AC482A /* TabCell.xib */ = {isa = PBXFileReference; lastKnownFileType = file.xib; path = TabCell.xib; sourceTree = "<group>"; };
		286FF9DC25EB364200AC482A /* TabLayout.swift */ = {isa = PBXFileReference; lastKnownFileType = sourcecode.swift; path = TabLayout.swift; sourceTree = "<group>"; };
		286FF9EB25F6316000AC482A /* TabLayoutAttributes.swift */ = {isa = PBXFileReference; lastKnownFileType = sourcecode.swift; path = TabLayoutAttributes.swift; sourceTree = "<group>"; };
		288DF8CC26AB717D00767F15 /* UIActivity_Extension.swift */ = {isa = PBXFileReference; lastKnownFileType = sourcecode.swift; path = UIActivity_Extension.swift; sourceTree = "<group>"; };
		288DF8CE26AB7B2200767F15 /* LookArtActivityController.swift */ = {isa = PBXFileReference; lastKnownFileType = sourcecode.swift; path = LookArtActivityController.swift; sourceTree = "<group>"; };
		288DF8D126AB806100767F15 /* SettingViewController.swift */ = {isa = PBXFileReference; lastKnownFileType = sourcecode.swift; path = SettingViewController.swift; sourceTree = "<group>"; };
		288DF8D226AB806100767F15 /* SettingViewController.xib */ = {isa = PBXFileReference; lastKnownFileType = file.xib; path = SettingViewController.xib; sourceTree = "<group>"; };
		288DF8D526AB875F00767F15 /* UIWindow_Extension.swift */ = {isa = PBXFileReference; lastKnownFileType = sourcecode.swift; path = UIWindow_Extension.swift; sourceTree = "<group>"; };
		28B6AB8E26194863008F73B2 /* WebSearchController.swift */ = {isa = PBXFileReference; lastKnownFileType = sourcecode.swift; path = WebSearchController.swift; sourceTree = "<group>"; };
		28B6AB8F26194863008F73B2 /* WebSearchController.xib */ = {isa = PBXFileReference; lastKnownFileType = file.xib; path = WebSearchController.xib; sourceTree = "<group>"; };
		28BA172B25DBEC3A00861E62 /* WebSearchBar.swift */ = {isa = PBXFileReference; lastKnownFileType = sourcecode.swift; path = WebSearchBar.swift; sourceTree = "<group>"; };
		28BA173325DCB8DB00861E62 /* UINavigationBar_Extension.swift */ = {isa = PBXFileReference; lastKnownFileType = sourcecode.swift; path = UINavigationBar_Extension.swift; sourceTree = "<group>"; };
		28BA173925DDF67300861E62 /* test_html.html */ = {isa = PBXFileReference; fileEncoding = 4; lastKnownFileType = text.html; path = test_html.html; sourceTree = "<group>"; };
		28D41CCF25D403CA008696AC /* LookArt.app */ = {isa = PBXFileReference; explicitFileType = wrapper.application; includeInIndex = 0; path = LookArt.app; sourceTree = BUILT_PRODUCTS_DIR; };
		28D41CD225D403CA008696AC /* AppDelegate.swift */ = {isa = PBXFileReference; lastKnownFileType = sourcecode.swift; path = AppDelegate.swift; sourceTree = "<group>"; };
		28D41CD425D403CA008696AC /* SceneDelegate.swift */ = {isa = PBXFileReference; lastKnownFileType = sourcecode.swift; path = SceneDelegate.swift; sourceTree = "<group>"; };
		28D41CD625D403CA008696AC /* ViewController.swift */ = {isa = PBXFileReference; lastKnownFileType = sourcecode.swift; path = ViewController.swift; sourceTree = "<group>"; };
		28D41CD925D403CA008696AC /* Base */ = {isa = PBXFileReference; lastKnownFileType = file.storyboard; name = Base; path = Base.lproj/Main.storyboard; sourceTree = "<group>"; };
		28D41CDB25D403CB008696AC /* Assets.xcassets */ = {isa = PBXFileReference; lastKnownFileType = folder.assetcatalog; path = Assets.xcassets; sourceTree = "<group>"; };
		28D41CDE25D403CB008696AC /* Base */ = {isa = PBXFileReference; lastKnownFileType = file.storyboard; name = Base; path = Base.lproj/LaunchScreen.storyboard; sourceTree = "<group>"; };
		28D41CE025D403CB008696AC /* Info.plist */ = {isa = PBXFileReference; lastKnownFileType = text.plist.xml; path = Info.plist; sourceTree = "<group>"; };
		28D41CE525D403CB008696AC /* LookArtTests.xctest */ = {isa = PBXFileReference; explicitFileType = wrapper.cfbundle; includeInIndex = 0; path = LookArtTests.xctest; sourceTree = BUILT_PRODUCTS_DIR; };
		28D41CE925D403CB008696AC /* LookArtTests.swift */ = {isa = PBXFileReference; lastKnownFileType = sourcecode.swift; path = LookArtTests.swift; sourceTree = "<group>"; };
		28D41CEB25D403CB008696AC /* Info.plist */ = {isa = PBXFileReference; lastKnownFileType = text.plist.xml; path = Info.plist; sourceTree = "<group>"; };
		28D41CF025D403CB008696AC /* LookArtUITests.xctest */ = {isa = PBXFileReference; explicitFileType = wrapper.cfbundle; includeInIndex = 0; path = LookArtUITests.xctest; sourceTree = BUILT_PRODUCTS_DIR; };
		28D41CF425D403CB008696AC /* LookArtUITests.swift */ = {isa = PBXFileReference; lastKnownFileType = sourcecode.swift; path = LookArtUITests.swift; sourceTree = "<group>"; };
		28D41CF625D403CB008696AC /* Info.plist */ = {isa = PBXFileReference; lastKnownFileType = text.plist.xml; path = Info.plist; sourceTree = "<group>"; };
		28D41D0625D40425008696AC /* user-script9.js */ = {isa = PBXFileReference; fileEncoding = 4; lastKnownFileType = sourcecode.javascript; path = "user-script9.js"; sourceTree = "<group>"; };
		28D41D0725D40425008696AC /* user-script2.js */ = {isa = PBXFileReference; fileEncoding = 4; lastKnownFileType = sourcecode.javascript; path = "user-script2.js"; sourceTree = "<group>"; };
		28D41D0825D40425008696AC /* user-script5.js */ = {isa = PBXFileReference; fileEncoding = 4; lastKnownFileType = sourcecode.javascript; path = "user-script5.js"; sourceTree = "<group>"; };
		28D41D0925D40425008696AC /* user-script4.js */ = {isa = PBXFileReference; fileEncoding = 4; lastKnownFileType = sourcecode.javascript; path = "user-script4.js"; sourceTree = "<group>"; };
		28D41D0A25D40425008696AC /* user-script11.js */ = {isa = PBXFileReference; fileEncoding = 4; lastKnownFileType = sourcecode.javascript; path = "user-script11.js"; sourceTree = "<group>"; };
		28D41D0B25D40425008696AC /* user-script12.js */ = {isa = PBXFileReference; fileEncoding = 4; lastKnownFileType = sourcecode.javascript; path = "user-script12.js"; sourceTree = "<group>"; };
		28D41D0C25D40425008696AC /* user-script8.js */ = {isa = PBXFileReference; fileEncoding = 4; lastKnownFileType = sourcecode.javascript; path = "user-script8.js"; sourceTree = "<group>"; };
		28D41D0D25D40425008696AC /* user-script6.js */ = {isa = PBXFileReference; fileEncoding = 4; lastKnownFileType = sourcecode.javascript; path = "user-script6.js"; sourceTree = "<group>"; };
		28D41D0E25D40425008696AC /* user-script3.js */ = {isa = PBXFileReference; fileEncoding = 4; lastKnownFileType = sourcecode.javascript; path = "user-script3.js"; sourceTree = "<group>"; };
		28D41D0F25D40425008696AC /* user-script10.js */ = {isa = PBXFileReference; fileEncoding = 4; lastKnownFileType = sourcecode.javascript; path = "user-script10.js"; sourceTree = "<group>"; };
		28D41D1025D40425008696AC /* user-script1.js */ = {isa = PBXFileReference; fileEncoding = 4; lastKnownFileType = sourcecode.javascript; path = "user-script1.js"; sourceTree = "<group>"; };
		28D41D1125D40425008696AC /* user-script7.js */ = {isa = PBXFileReference; fileEncoding = 4; lastKnownFileType = sourcecode.javascript; path = "user-script7.js"; sourceTree = "<group>"; };
		28E5A94925D5495200750E3B /* LookArt-Bridging-Header.h */ = {isa = PBXFileReference; lastKnownFileType = sourcecode.c.h; path = "LookArt-Bridging-Header.h"; sourceTree = "<group>"; };
		28E5A96B25D618B000750E3B /* WebServer.swift */ = {isa = PBXFileReference; lastKnownFileType = sourcecode.swift; path = WebServer.swift; sourceTree = "<group>"; };
		28E5A98025D63A3E00750E3B /* String_Extension.swift */ = {isa = PBXFileReference; fileEncoding = 4; lastKnownFileType = sourcecode.swift; path = String_Extension.swift; sourceTree = "<group>"; };
		28E5A98125D63A3E00750E3B /* WKWebView_Extension.swift */ = {isa = PBXFileReference; fileEncoding = 4; lastKnownFileType = sourcecode.swift; path = WKWebView_Extension.swift; sourceTree = "<group>"; };
		28E5A98225D63A3E00750E3B /* UITextField_Extension.swift */ = {isa = PBXFileReference; fileEncoding = 4; lastKnownFileType = sourcecode.swift; path = UITextField_Extension.swift; sourceTree = "<group>"; };
		28E5A98325D63A3E00750E3B /* UIApplication_Extension.swift */ = {isa = PBXFileReference; fileEncoding = 4; lastKnownFileType = sourcecode.swift; path = UIApplication_Extension.swift; sourceTree = "<group>"; };
		28E5A98425D63A3E00750E3B /* CollectionView_Extension.swift */ = {isa = PBXFileReference; fileEncoding = 4; lastKnownFileType = sourcecode.swift; path = CollectionView_Extension.swift; sourceTree = "<group>"; };
		28E5A98525D63A3E00750E3B /* WKWebviewConfiguration_Extension.swift */ = {isa = PBXFileReference; fileEncoding = 4; lastKnownFileType = sourcecode.swift; path = WKWebviewConfiguration_Extension.swift; sourceTree = "<group>"; };
		28E5A98625D63A3E00750E3B /* FileManager_Extension.swift */ = {isa = PBXFileReference; fileEncoding = 4; lastKnownFileType = sourcecode.swift; path = FileManager_Extension.swift; sourceTree = "<group>"; };
		28E5A98725D63A3E00750E3B /* UIViewController_Extension.swift */ = {isa = PBXFileReference; fileEncoding = 4; lastKnownFileType = sourcecode.swift; path = UIViewController_Extension.swift; sourceTree = "<group>"; };
		28E5A98825D63A3E00750E3B /* UINavigationController_Extension.swift */ = {isa = PBXFileReference; fileEncoding = 4; lastKnownFileType = sourcecode.swift; path = UINavigationController_Extension.swift; sourceTree = "<group>"; };
		28E5A98925D63A3E00750E3B /* UIView_Extension.swift */ = {isa = PBXFileReference; fileEncoding = 4; lastKnownFileType = sourcecode.swift; path = UIView_Extension.swift; sourceTree = "<group>"; };
		28E5A99825D63A5D00750E3B /* BaseWebView.swift */ = {isa = PBXFileReference; fileEncoding = 4; lastKnownFileType = sourcecode.swift; path = BaseWebView.swift; sourceTree = "<group>"; };
		28E5A99925D63A5D00750E3B /* BaseViewController.swift */ = {isa = PBXFileReference; fileEncoding = 4; lastKnownFileType = sourcecode.swift; path = BaseViewController.swift; sourceTree = "<group>"; };
		28E5A99A25D63A5D00750E3B /* BaseNavigationController.swift */ = {isa = PBXFileReference; fileEncoding = 4; lastKnownFileType = sourcecode.swift; path = BaseNavigationController.swift; sourceTree = "<group>"; };
		28E5A99B25D63A5D00750E3B /* BaseView.swift */ = {isa = PBXFileReference; fileEncoding = 4; lastKnownFileType = sourcecode.swift; path = BaseView.swift; sourceTree = "<group>"; };
		28E5A9A325D63B2B00750E3B /* WebController.swift */ = {isa = PBXFileReference; lastKnownFileType = sourcecode.swift; path = WebController.swift; sourceTree = "<group>"; };
		28E5A9A425D63B2B00750E3B /* WebController.xib */ = {isa = PBXFileReference; lastKnownFileType = file.xib; path = WebController.xib; sourceTree = "<group>"; };
		28E5A9AA25D63BE400750E3B /* TabWebView.swift */ = {isa = PBXFileReference; lastKnownFileType = sourcecode.swift; path = TabWebView.swift; sourceTree = "<group>"; };
		28E5A9B925D6468600750E3B /* WebConfig.swift */ = {isa = PBXFileReference; lastKnownFileType = sourcecode.swift; path = WebConfig.swift; sourceTree = "<group>"; };
		2A999DB89F4491B095731003 /* Pods-LookArt.release.xcconfig */ = {isa = PBXFileReference; includeInIndex = 1; lastKnownFileType = text.xcconfig; name = "Pods-LookArt.release.xcconfig"; path = "Target Support Files/Pods-LookArt/Pods-LookArt.release.xcconfig"; sourceTree = "<group>"; };
		3CFEBE6380719DFE88E73263 /* Pods-LookArt-LookArtUITests.release.xcconfig */ = {isa = PBXFileReference; includeInIndex = 1; lastKnownFileType = text.xcconfig; name = "Pods-LookArt-LookArtUITests.release.xcconfig"; path = "Target Support Files/Pods-LookArt-LookArtUITests/Pods-LookArt-LookArtUITests.release.xcconfig"; sourceTree = "<group>"; };
		4A0B664EED11C59CD47E75B5 /* Pods_LookArt.framework */ = {isa = PBXFileReference; explicitFileType = wrapper.framework; includeInIndex = 0; path = Pods_LookArt.framework; sourceTree = BUILT_PRODUCTS_DIR; };
		93554BAF47E3A1A1137CDD20 /* Pods_LookArt_LookArtUITests.framework */ = {isa = PBXFileReference; explicitFileType = wrapper.framework; includeInIndex = 0; path = Pods_LookArt_LookArtUITests.framework; sourceTree = BUILT_PRODUCTS_DIR; };
		95FDA7E5EB63CCCF4650403A /* Pods-LookArtTests.release.xcconfig */ = {isa = PBXFileReference; includeInIndex = 1; lastKnownFileType = text.xcconfig; name = "Pods-LookArtTests.release.xcconfig"; path = "Target Support Files/Pods-LookArtTests/Pods-LookArtTests.release.xcconfig"; sourceTree = "<group>"; };
		BA026852061FDC8D7AA97B31 /* Pods_LookArtTests.framework */ = {isa = PBXFileReference; explicitFileType = wrapper.framework; includeInIndex = 0; path = Pods_LookArtTests.framework; sourceTree = BUILT_PRODUCTS_DIR; };
		E92D2C0626E1BAA90011B81D /* WebToolBar.swift */ = {isa = PBXFileReference; lastKnownFileType = sourcecode.swift; path = WebToolBar.swift; sourceTree = "<group>"; };
		E92D2C0826E99AA00011B81D /* BaseProgressView.swift */ = {isa = PBXFileReference; lastKnownFileType = sourcecode.swift; path = BaseProgressView.swift; sourceTree = "<group>"; };
		E943FB4F26A188B600B67C30 /* UIBaseConfig.swift */ = {isa = PBXFileReference; lastKnownFileType = sourcecode.swift; path = UIBaseConfig.swift; sourceTree = "<group>"; };
		E955AAF126DCE051005FE4EF /* UIProgressView_Rx.swift */ = {isa = PBXFileReference; lastKnownFileType = sourcecode.swift; path = UIProgressView_Rx.swift; sourceTree = "<group>"; };
		E9DD1C28267CA2EA00586F26 /* SettingActivity.swift */ = {isa = PBXFileReference; lastKnownFileType = sourcecode.swift; path = SettingActivity.swift; sourceTree = "<group>"; };
		E9DD1C2D2684173900586F26 /* SearchBar.swift */ = {isa = PBXFileReference; lastKnownFileType = sourcecode.swift; path = SearchBar.swift; sourceTree = "<group>"; };
/* End PBXFileReference section */

/* Begin PBXFrameworksBuildPhase section */
		28D41CCC25D403CA008696AC /* Frameworks */ = {
			isa = PBXFrameworksBuildPhase;
			buildActionMask = 2147483647;
			files = (
				4D83B2B8F766D19377B57113 /* Pods_LookArt.framework in Frameworks */,
			);
			runOnlyForDeploymentPostprocessing = 0;
		};
		28D41CE225D403CB008696AC /* Frameworks */ = {
			isa = PBXFrameworksBuildPhase;
			buildActionMask = 2147483647;
			files = (
				62EDA4100BFCEF62DAF0A938 /* Pods_LookArtTests.framework in Frameworks */,
			);
			runOnlyForDeploymentPostprocessing = 0;
		};
		28D41CED25D403CB008696AC /* Frameworks */ = {
			isa = PBXFrameworksBuildPhase;
			buildActionMask = 2147483647;
			files = (
				82475B963FC1B12832656815 /* Pods_LookArt_LookArtUITests.framework in Frameworks */,
			);
			runOnlyForDeploymentPostprocessing = 0;
		};
/* End PBXFrameworksBuildPhase section */

/* Begin PBXGroup section */
		282B7EC626AC108400C72A76 /* WebComponent */ = {
			isa = PBXGroup;
			children = (
				282B7EC726AC10C700C72A76 /* WebScriptComponent.swift */,
				282B7EC926AC1A0200C72A76 /* WebConfigComponent.swift */,
			);
			path = WebComponent;
			sourceTree = "<group>";
		};
		2836663A261A8D7D0094D707 /* PersonalFavorites */ = {
			isa = PBXGroup;
			children = (
				2836663B261A8DFB0094D707 /* PersonalFavoritesController.swift */,
				2836663C261A8DFB0094D707 /* PersonalFavoritesController.xib */,
				28366642261A91E40094D707 /* PersonalFavoriteCell.swift */,
				28366643261A91E40094D707 /* PersonalFavoriteCell.xib */,
				28366652261AD0F30094D707 /* PersonalFavoritesVM.swift */,
				28366657261AD4E70094D707 /* WebSiteModel.swift */,
				283666AB264043640094D707 /* ContextMenuPreview.swift */,
				283666B02640438E0094D707 /* ContextMenuPreview.xib */,
			);
			path = PersonalFavorites;
			sourceTree = "<group>";
		};
		28366649261A94140094D707 /* Config */ = {
			isa = PBXGroup;
			children = (
				2836664A261A94BB0094D707 /* Importlibrary.swift */,
				E943FB4F26A188B600B67C30 /* UIBaseConfig.swift */,
			);
			path = Config;
			sourceTree = "<group>";
		};
		28366669261C9A170094D707 /* Rx */ = {
			isa = PBXGroup;
			children = (
				2836666A261C9A480094D707 /* UICollectionView_Rx.swift */,
				283666892631C6390094D707 /* WKWebview_Rx.swift */,
				2836668E263D87FC0094D707 /* Extension_Rx.swift */,
				E955AAF126DCE051005FE4EF /* UIProgressView_Rx.swift */,
			);
			path = Rx;
			sourceTree = "<group>";
		};
		286FF9CF25EA39AA00AC482A /* TabController */ = {
			isa = PBXGroup;
			children = (
				286FF9D525EB239E00AC482A /* TabCell.swift */,
				286FF9D625EB239E00AC482A /* TabCell.xib */,
				286FF9DC25EB364200AC482A /* TabLayout.swift */,
				286FF9EB25F6316000AC482A /* TabLayoutAttributes.swift */,
				283F7B05260488860055FC7D /* TabController.swift */,
			);
			path = TabController;
			sourceTree = "<group>";
		};
		288DF8D026AB802E00767F15 /* Setting */ = {
			isa = PBXGroup;
			children = (
				288DF8D126AB806100767F15 /* SettingViewController.swift */,
				288DF8D226AB806100767F15 /* SettingViewController.xib */,
				282B7EBA26ABBF7F00C72A76 /* SettingModel.swift */,
				282B7EBC26ABC17B00C72A76 /* SettingVM.swift */,
				282B7EC026ABC6CC00C72A76 /* SettingViewCell.swift */,
				282B7EC126ABC6CC00C72A76 /* SettingViewCell.xib */,
			);
			path = Setting;
			sourceTree = "<group>";
		};
		28D41CC625D403CA008696AC = {
			isa = PBXGroup;
			children = (
				28D41CD125D403CA008696AC /* LookArt */,
				28D41CE825D403CB008696AC /* LookArtTests */,
				28D41CF325D403CB008696AC /* LookArtUITests */,
				28D41CD025D403CA008696AC /* Products */,
				A2B5EBFA0D6137EA9979E03B /* Pods */,
				A08A28AA13F42D713091FCF8 /* Frameworks */,
			);
			sourceTree = "<group>";
		};
		28D41CD025D403CA008696AC /* Products */ = {
			isa = PBXGroup;
			children = (
				28D41CCF25D403CA008696AC /* LookArt.app */,
				28D41CE525D403CB008696AC /* LookArtTests.xctest */,
				28D41CF025D403CB008696AC /* LookArtUITests.xctest */,
			);
			name = Products;
			sourceTree = "<group>";
		};
		28D41CD125D403CA008696AC /* LookArt */ = {
			isa = PBXGroup;
			children = (
				28D41D2225D41683008696AC /* Code */,
				28D41D0525D403E9008696AC /* Resources */,
				28D41CD225D403CA008696AC /* AppDelegate.swift */,
				28D41CD425D403CA008696AC /* SceneDelegate.swift */,
				28D41CD625D403CA008696AC /* ViewController.swift */,
				28D41CD825D403CA008696AC /* Main.storyboard */,
				28D41CDB25D403CB008696AC /* Assets.xcassets */,
				28D41CDD25D403CB008696AC /* LaunchScreen.storyboard */,
				28D41CE025D403CB008696AC /* Info.plist */,
				28E5A94925D5495200750E3B /* LookArt-Bridging-Header.h */,
			);
			path = LookArt;
			sourceTree = "<group>";
		};
		28D41CE825D403CB008696AC /* LookArtTests */ = {
			isa = PBXGroup;
			children = (
				28D41CE925D403CB008696AC /* LookArtTests.swift */,
				28D41CEB25D403CB008696AC /* Info.plist */,
			);
			path = LookArtTests;
			sourceTree = "<group>";
		};
		28D41CF325D403CB008696AC /* LookArtUITests */ = {
			isa = PBXGroup;
			children = (
				28D41CF425D403CB008696AC /* LookArtUITests.swift */,
				28D41CF625D403CB008696AC /* Info.plist */,
			);
			path = LookArtUITests;
			sourceTree = "<group>";
		};
		28D41D0525D403E9008696AC /* Resources */ = {
			isa = PBXGroup;
			children = (
				28BA173925DDF67300861E62 /* test_html.html */,
				282B7EC426AC0E5300C72A76 /* lookArt.js */,
				286967EE26B0590400956BA1 /* test_1.js */,
				28D41D1025D40425008696AC /* user-script1.js */,
				28D41D0725D40425008696AC /* user-script2.js */,
				28D41D0E25D40425008696AC /* user-script3.js */,
				28D41D0925D40425008696AC /* user-script4.js */,
				28D41D0825D40425008696AC /* user-script5.js */,
				28D41D0D25D40425008696AC /* user-script6.js */,
				28D41D1125D40425008696AC /* user-script7.js */,
				28D41D0C25D40425008696AC /* user-script8.js */,
				28D41D0625D40425008696AC /* user-script9.js */,
				28D41D0F25D40425008696AC /* user-script10.js */,
				28D41D0A25D40425008696AC /* user-script11.js */,
				28D41D0B25D40425008696AC /* user-script12.js */,
			);
			path = Resources;
			sourceTree = "<group>";
		};
		28D41D2225D41683008696AC /* Code */ = {
			isa = PBXGroup;
			children = (
				282B7EC626AC108400C72A76 /* WebComponent */,
				288DF8D026AB802E00767F15 /* Setting */,
				E9DD1C27267CA2B800586F26 /* Activity */,
				28366649261A94140094D707 /* Config */,
				2836663A261A8D7D0094D707 /* PersonalFavorites */,
				286FF9CF25EA39AA00AC482A /* TabController */,
				28E5A9B825D6466000750E3B /* WebConfig */,
				28E5A99725D63A5D00750E3B /* BaseUI */,
				28E5A97F25D63A3E00750E3B /* Extension */,
				28E5A97625D62DE200750E3B /* WebController */,
				28E5A96A25D6187000750E3B /* WebServer */,
				28D41D2425D416AE008696AC /* TabWebView */,
				28D41D2325D4168D008696AC /* Home */,
			);
			path = Code;
			sourceTree = "<group>";
		};
		28D41D2325D4168D008696AC /* Home */ = {
			isa = PBXGroup;
			children = (
			);
			path = Home;
			sourceTree = "<group>";
		};
		28D41D2425D416AE008696AC /* TabWebView */ = {
			isa = PBXGroup;
			children = (
				28E5A9AA25D63BE400750E3B /* TabWebView.swift */,
				28BA172B25DBEC3A00861E62 /* WebSearchBar.swift */,
				E9DD1C2D2684173900586F26 /* SearchBar.swift */,
				E92D2C0626E1BAA90011B81D /* WebToolBar.swift */,
			);
			path = TabWebView;
			sourceTree = "<group>";
		};
		28E5A96A25D6187000750E3B /* WebServer */ = {
			isa = PBXGroup;
			children = (
				28E5A96B25D618B000750E3B /* WebServer.swift */,
			);
			path = WebServer;
			sourceTree = "<group>";
		};
		28E5A97625D62DE200750E3B /* WebController */ = {
			isa = PBXGroup;
			children = (
				28E5A9A325D63B2B00750E3B /* WebController.swift */,
				28E5A9A425D63B2B00750E3B /* WebController.xib */,
				28554D922609C357006CB16A /* WebNavigationController.swift */,
				28B6AB8E26194863008F73B2 /* WebSearchController.swift */,
				28B6AB8F26194863008F73B2 /* WebSearchController.xib */,
			);
			path = WebController;
			sourceTree = "<group>";
		};
		28E5A97F25D63A3E00750E3B /* Extension */ = {
			isa = PBXGroup;
			children = (
				28366669261C9A170094D707 /* Rx */,
				28E5A98025D63A3E00750E3B /* String_Extension.swift */,
				2836669626402B5E0094D707 /* UIScreen_Extension.swift */,
				28E5A98125D63A3E00750E3B /* WKWebView_Extension.swift */,
				28E5A98225D63A3E00750E3B /* UITextField_Extension.swift */,
				28E5A98325D63A3E00750E3B /* UIApplication_Extension.swift */,
				28E5A98425D63A3E00750E3B /* CollectionView_Extension.swift */,
				28E5A98525D63A3E00750E3B /* WKWebviewConfiguration_Extension.swift */,
				28E5A98625D63A3E00750E3B /* FileManager_Extension.swift */,
				28E5A98725D63A3E00750E3B /* UIViewController_Extension.swift */,
				28E5A98825D63A3E00750E3B /* UINavigationController_Extension.swift */,
				28E5A98925D63A3E00750E3B /* UIView_Extension.swift */,
				28BA173325DCB8DB00861E62 /* UINavigationBar_Extension.swift */,
				288DF8CC26AB717D00767F15 /* UIActivity_Extension.swift */,
				288DF8D526AB875F00767F15 /* UIWindow_Extension.swift */,
				282B7ECB26AC223000C72A76 /* WKUserScript_Extension.swift */,
			);
			path = Extension;
			sourceTree = "<group>";
		};
		28E5A99725D63A5D00750E3B /* BaseUI */ = {
			isa = PBXGroup;
			children = (
				28E5A99825D63A5D00750E3B /* BaseWebView.swift */,
				28E5A99925D63A5D00750E3B /* BaseViewController.swift */,
				28E5A99A25D63A5D00750E3B /* BaseNavigationController.swift */,
				28E5A99B25D63A5D00750E3B /* BaseView.swift */,
				282B7EBE26ABC69800C72A76 /* BaseTableViewCell.swift */,
				E92D2C0826E99AA00011B81D /* BaseProgressView.swift */,
			);
			path = BaseUI;
			sourceTree = "<group>";
		};
		28E5A9B825D6466000750E3B /* WebConfig */ = {
			isa = PBXGroup;
			children = (
				28E5A9B925D6468600750E3B /* WebConfig.swift */,
			);
			path = WebConfig;
			sourceTree = "<group>";
		};
		A08A28AA13F42D713091FCF8 /* Frameworks */ = {
			isa = PBXGroup;
			children = (
				4A0B664EED11C59CD47E75B5 /* Pods_LookArt.framework */,
				93554BAF47E3A1A1137CDD20 /* Pods_LookArt_LookArtUITests.framework */,
				BA026852061FDC8D7AA97B31 /* Pods_LookArtTests.framework */,
			);
			name = Frameworks;
			sourceTree = "<group>";
		};
		A2B5EBFA0D6137EA9979E03B /* Pods */ = {
			isa = PBXGroup;
			children = (
				03C4276F12A968BE493CD376 /* Pods-LookArt.debug.xcconfig */,
				2A999DB89F4491B095731003 /* Pods-LookArt.release.xcconfig */,
				15EF7115A5E5522A72F64341 /* Pods-LookArt-LookArtUITests.debug.xcconfig */,
				3CFEBE6380719DFE88E73263 /* Pods-LookArt-LookArtUITests.release.xcconfig */,
				19D9FF881B5D805F145F1BF3 /* Pods-LookArtTests.debug.xcconfig */,
				95FDA7E5EB63CCCF4650403A /* Pods-LookArtTests.release.xcconfig */,
			);
			path = Pods;
			sourceTree = "<group>";
		};
		E9DD1C27267CA2B800586F26 /* Activity */ = {
			isa = PBXGroup;
			children = (
				E9DD1C28267CA2EA00586F26 /* SettingActivity.swift */,
				288DF8CE26AB7B2200767F15 /* LookArtActivityController.swift */,
			);
			path = Activity;
			sourceTree = "<group>";
		};
/* End PBXGroup section */

/* Begin PBXNativeTarget section */
		28D41CCE25D403CA008696AC /* LookArt */ = {
			isa = PBXNativeTarget;
			buildConfigurationList = 28D41CF925D403CB008696AC /* Build configuration list for PBXNativeTarget "LookArt" */;
			buildPhases = (
				7555ED472EBA9A4CEEAA7E31 /* [CP] Check Pods Manifest.lock */,
				28D41CCB25D403CA008696AC /* Sources */,
				28D41CCC25D403CA008696AC /* Frameworks */,
				28D41CCD25D403CA008696AC /* Resources */,
				11175C05886B5F100D63D684 /* [CP] Embed Pods Frameworks */,
			);
			buildRules = (
			);
			dependencies = (
			);
			name = LookArt;
			productName = LookArt;
			productReference = 28D41CCF25D403CA008696AC /* LookArt.app */;
			productType = "com.apple.product-type.application";
		};
		28D41CE425D403CB008696AC /* LookArtTests */ = {
			isa = PBXNativeTarget;
			buildConfigurationList = 28D41CFC25D403CB008696AC /* Build configuration list for PBXNativeTarget "LookArtTests" */;
			buildPhases = (
				37D0CAFC71E43FF6600F6507 /* [CP] Check Pods Manifest.lock */,
				28D41CE125D403CB008696AC /* Sources */,
				28D41CE225D403CB008696AC /* Frameworks */,
				28D41CE325D403CB008696AC /* Resources */,
			);
			buildRules = (
			);
			dependencies = (
				28D41CE725D403CB008696AC /* PBXTargetDependency */,
			);
			name = LookArtTests;
			productName = LookArtTests;
			productReference = 28D41CE525D403CB008696AC /* LookArtTests.xctest */;
			productType = "com.apple.product-type.bundle.unit-test";
		};
		28D41CEF25D403CB008696AC /* LookArtUITests */ = {
			isa = PBXNativeTarget;
			buildConfigurationList = 28D41CFF25D403CB008696AC /* Build configuration list for PBXNativeTarget "LookArtUITests" */;
			buildPhases = (
				7FFFAA18571FDA8F0BC2565A /* [CP] Check Pods Manifest.lock */,
				28D41CEC25D403CB008696AC /* Sources */,
				28D41CED25D403CB008696AC /* Frameworks */,
				28D41CEE25D403CB008696AC /* Resources */,
				26D51982B02D31F49264B631 /* [CP] Embed Pods Frameworks */,
			);
			buildRules = (
			);
			dependencies = (
				28D41CF225D403CB008696AC /* PBXTargetDependency */,
			);
			name = LookArtUITests;
			productName = LookArtUITests;
			productReference = 28D41CF025D403CB008696AC /* LookArtUITests.xctest */;
			productType = "com.apple.product-type.bundle.ui-testing";
		};
/* End PBXNativeTarget section */

/* Begin PBXProject section */
		28D41CC725D403CA008696AC /* Project object */ = {
			isa = PBXProject;
			attributes = {
				LastSwiftUpdateCheck = 1230;
				LastUpgradeCheck = 1230;
				TargetAttributes = {
					28D41CCE25D403CA008696AC = {
						CreatedOnToolsVersion = 12.3;
					};
					28D41CE425D403CB008696AC = {
						CreatedOnToolsVersion = 12.3;
						TestTargetID = 28D41CCE25D403CA008696AC;
					};
					28D41CEF25D403CB008696AC = {
						CreatedOnToolsVersion = 12.3;
						TestTargetID = 28D41CCE25D403CA008696AC;
					};
				};
			};
			buildConfigurationList = 28D41CCA25D403CA008696AC /* Build configuration list for PBXProject "LookArt" */;
			compatibilityVersion = "Xcode 9.3";
			developmentRegion = en;
			hasScannedForEncodings = 0;
			knownRegions = (
				en,
				Base,
			);
			mainGroup = 28D41CC625D403CA008696AC;
			productRefGroup = 28D41CD025D403CA008696AC /* Products */;
			projectDirPath = "";
			projectRoot = "";
			targets = (
				28D41CCE25D403CA008696AC /* LookArt */,
				28D41CE425D403CB008696AC /* LookArtTests */,
				28D41CEF25D403CB008696AC /* LookArtUITests */,
			);
		};
/* End PBXProject section */

/* Begin PBXResourcesBuildPhase section */
		28D41CCD25D403CA008696AC /* Resources */ = {
			isa = PBXResourcesBuildPhase;
			buildActionMask = 2147483647;
			files = (
				28D41D1725D40425008696AC /* user-script12.js in Resources */,
				28D41D1B25D40425008696AC /* user-script10.js in Resources */,
				28D41D1925D40425008696AC /* user-script6.js in Resources */,
				28366645261A91E40094D707 /* PersonalFavoriteCell.xib in Resources */,
				28D41D1525D40425008696AC /* user-script4.js in Resources */,
				28E5A9A625D63B2B00750E3B /* WebController.xib in Resources */,
				28D41D1325D40425008696AC /* user-script2.js in Resources */,
				282B7EC526AC0E5400C72A76 /* lookArt.js in Resources */,
				28D41D1225D40425008696AC /* user-script9.js in Resources */,
				28BA173A25DDF67300861E62 /* test_html.html in Resources */,
				28D41D1C25D40425008696AC /* user-script1.js in Resources */,
				28D41CDF25D403CB008696AC /* LaunchScreen.storyboard in Resources */,
				283666B12640438E0094D707 /* ContextMenuPreview.xib in Resources */,
				288DF8D426AB806100767F15 /* SettingViewController.xib in Resources */,
				282B7EC326ABC6CC00C72A76 /* SettingViewCell.xib in Resources */,
				28D41CDC25D403CB008696AC /* Assets.xcassets in Resources */,
				28D41D1425D40425008696AC /* user-script5.js in Resources */,
				28D41D1D25D40425008696AC /* user-script7.js in Resources */,
				28B6AB9126194863008F73B2 /* WebSearchController.xib in Resources */,
				28D41D1825D40425008696AC /* user-script8.js in Resources */,
				28D41D1625D40425008696AC /* user-script11.js in Resources */,
				28D41D1A25D40425008696AC /* user-script3.js in Resources */,
				286967EF26B0590400956BA1 /* test_1.js in Resources */,
				28D41CDA25D403CA008696AC /* Main.storyboard in Resources */,
				286FF9D825EB239E00AC482A /* TabCell.xib in Resources */,
				2836663E261A8DFB0094D707 /* PersonalFavoritesController.xib in Resources */,
			);
			runOnlyForDeploymentPostprocessing = 0;
		};
		28D41CE325D403CB008696AC /* Resources */ = {
			isa = PBXResourcesBuildPhase;
			buildActionMask = 2147483647;
			files = (
			);
			runOnlyForDeploymentPostprocessing = 0;
		};
		28D41CEE25D403CB008696AC /* Resources */ = {
			isa = PBXResourcesBuildPhase;
			buildActionMask = 2147483647;
			files = (
			);
			runOnlyForDeploymentPostprocessing = 0;
		};
/* End PBXResourcesBuildPhase section */

/* Begin PBXShellScriptBuildPhase section */
		11175C05886B5F100D63D684 /* [CP] Embed Pods Frameworks */ = {
			isa = PBXShellScriptBuildPhase;
			buildActionMask = 2147483647;
			files = (
			);
			inputFileListPaths = (
				"${PODS_ROOT}/Target Support Files/Pods-LookArt/Pods-LookArt-frameworks-${CONFIGURATION}-input-files.xcfilelist",
			);
			name = "[CP] Embed Pods Frameworks";
			outputFileListPaths = (
				"${PODS_ROOT}/Target Support Files/Pods-LookArt/Pods-LookArt-frameworks-${CONFIGURATION}-output-files.xcfilelist",
			);
			runOnlyForDeploymentPostprocessing = 0;
			shellPath = /bin/sh;
			shellScript = "\"${PODS_ROOT}/Target Support Files/Pods-LookArt/Pods-LookArt-frameworks.sh\"\n";
			showEnvVarsInLog = 0;
		};
		26D51982B02D31F49264B631 /* [CP] Embed Pods Frameworks */ = {
			isa = PBXShellScriptBuildPhase;
			buildActionMask = 2147483647;
			files = (
			);
			inputFileListPaths = (
				"${PODS_ROOT}/Target Support Files/Pods-LookArt-LookArtUITests/Pods-LookArt-LookArtUITests-frameworks-${CONFIGURATION}-input-files.xcfilelist",
			);
			name = "[CP] Embed Pods Frameworks";
			outputFileListPaths = (
				"${PODS_ROOT}/Target Support Files/Pods-LookArt-LookArtUITests/Pods-LookArt-LookArtUITests-frameworks-${CONFIGURATION}-output-files.xcfilelist",
			);
			runOnlyForDeploymentPostprocessing = 0;
			shellPath = /bin/sh;
			shellScript = "\"${PODS_ROOT}/Target Support Files/Pods-LookArt-LookArtUITests/Pods-LookArt-LookArtUITests-frameworks.sh\"\n";
			showEnvVarsInLog = 0;
		};
		37D0CAFC71E43FF6600F6507 /* [CP] Check Pods Manifest.lock */ = {
			isa = PBXShellScriptBuildPhase;
			buildActionMask = 2147483647;
			files = (
			);
			inputFileListPaths = (
			);
			inputPaths = (
				"${PODS_PODFILE_DIR_PATH}/Podfile.lock",
				"${PODS_ROOT}/Manifest.lock",
			);
			name = "[CP] Check Pods Manifest.lock";
			outputFileListPaths = (
			);
			outputPaths = (
				"$(DERIVED_FILE_DIR)/Pods-LookArtTests-checkManifestLockResult.txt",
			);
			runOnlyForDeploymentPostprocessing = 0;
			shellPath = /bin/sh;
			shellScript = "diff \"${PODS_PODFILE_DIR_PATH}/Podfile.lock\" \"${PODS_ROOT}/Manifest.lock\" > /dev/null\nif [ $? != 0 ] ; then\n    # print error to STDERR\n    echo \"error: The sandbox is not in sync with the Podfile.lock. Run 'pod install' or update your CocoaPods installation.\" >&2\n    exit 1\nfi\n# This output is used by Xcode 'outputs' to avoid re-running this script phase.\necho \"SUCCESS\" > \"${SCRIPT_OUTPUT_FILE_0}\"\n";
			showEnvVarsInLog = 0;
		};
		7555ED472EBA9A4CEEAA7E31 /* [CP] Check Pods Manifest.lock */ = {
			isa = PBXShellScriptBuildPhase;
			buildActionMask = 2147483647;
			files = (
			);
			inputFileListPaths = (
			);
			inputPaths = (
				"${PODS_PODFILE_DIR_PATH}/Podfile.lock",
				"${PODS_ROOT}/Manifest.lock",
			);
			name = "[CP] Check Pods Manifest.lock";
			outputFileListPaths = (
			);
			outputPaths = (
				"$(DERIVED_FILE_DIR)/Pods-LookArt-checkManifestLockResult.txt",
			);
			runOnlyForDeploymentPostprocessing = 0;
			shellPath = /bin/sh;
			shellScript = "diff \"${PODS_PODFILE_DIR_PATH}/Podfile.lock\" \"${PODS_ROOT}/Manifest.lock\" > /dev/null\nif [ $? != 0 ] ; then\n    # print error to STDERR\n    echo \"error: The sandbox is not in sync with the Podfile.lock. Run 'pod install' or update your CocoaPods installation.\" >&2\n    exit 1\nfi\n# This output is used by Xcode 'outputs' to avoid re-running this script phase.\necho \"SUCCESS\" > \"${SCRIPT_OUTPUT_FILE_0}\"\n";
			showEnvVarsInLog = 0;
		};
		7FFFAA18571FDA8F0BC2565A /* [CP] Check Pods Manifest.lock */ = {
			isa = PBXShellScriptBuildPhase;
			buildActionMask = 2147483647;
			files = (
			);
			inputFileListPaths = (
			);
			inputPaths = (
				"${PODS_PODFILE_DIR_PATH}/Podfile.lock",
				"${PODS_ROOT}/Manifest.lock",
			);
			name = "[CP] Check Pods Manifest.lock";
			outputFileListPaths = (
			);
			outputPaths = (
				"$(DERIVED_FILE_DIR)/Pods-LookArt-LookArtUITests-checkManifestLockResult.txt",
			);
			runOnlyForDeploymentPostprocessing = 0;
			shellPath = /bin/sh;
			shellScript = "diff \"${PODS_PODFILE_DIR_PATH}/Podfile.lock\" \"${PODS_ROOT}/Manifest.lock\" > /dev/null\nif [ $? != 0 ] ; then\n    # print error to STDERR\n    echo \"error: The sandbox is not in sync with the Podfile.lock. Run 'pod install' or update your CocoaPods installation.\" >&2\n    exit 1\nfi\n# This output is used by Xcode 'outputs' to avoid re-running this script phase.\necho \"SUCCESS\" > \"${SCRIPT_OUTPUT_FILE_0}\"\n";
			showEnvVarsInLog = 0;
		};
/* End PBXShellScriptBuildPhase section */

/* Begin PBXSourcesBuildPhase section */
		28D41CCB25D403CA008696AC /* Sources */ = {
			isa = PBXSourcesBuildPhase;
			buildActionMask = 2147483647;
			files = (
				28E5A98F25D63A3E00750E3B /* WKWebviewConfiguration_Extension.swift in Sources */,
				288DF8CD26AB717D00767F15 /* UIActivity_Extension.swift in Sources */,
				28E5A98C25D63A3E00750E3B /* UITextField_Extension.swift in Sources */,
				E9DD1C29267CA2EA00586F26 /* SettingActivity.swift in Sources */,
				E92D2C0926E99AA00011B81D /* BaseProgressView.swift in Sources */,
				28E5A9BA25D6468600750E3B /* WebConfig.swift in Sources */,
				288DF8D326AB806100767F15 /* SettingViewController.swift in Sources */,
				28E5A99325D63A3E00750E3B /* UIView_Extension.swift in Sources */,
				286FF9EC25F6316000AC482A /* TabLayoutAttributes.swift in Sources */,
				28E5A99225D63A3E00750E3B /* UINavigationController_Extension.swift in Sources */,
				282B7EC226ABC6CC00C72A76 /* SettingViewCell.swift in Sources */,
				28D41CD725D403CA008696AC /* ViewController.swift in Sources */,
				28366653261AD0F30094D707 /* PersonalFavoritesVM.swift in Sources */,
				282B7EBF26ABC69800C72A76 /* BaseTableViewCell.swift in Sources */,
				282B7EBD26ABC17B00C72A76 /* SettingVM.swift in Sources */,
				28BA172C25DBEC3A00861E62 /* WebSearchBar.swift in Sources */,
				282B7EC826AC10C700C72A76 /* WebScriptComponent.swift in Sources */,
				286FF9D725EB239E00AC482A /* TabCell.swift in Sources */,
				288DF8D626AB875F00767F15 /* UIWindow_Extension.swift in Sources */,
				28E5A98B25D63A3E00750E3B /* WKWebView_Extension.swift in Sources */,
				E955AAF226DCE051005FE4EF /* UIProgressView_Rx.swift in Sources */,
				283F7B07260488860055FC7D /* TabController.swift in Sources */,
				28D41CD325D403CA008696AC /* AppDelegate.swift in Sources */,
				28BA173425DCB8DB00861E62 /* UINavigationBar_Extension.swift in Sources */,
				28E5A98E25D63A3E00750E3B /* CollectionView_Extension.swift in Sources */,
				28D41CD525D403CA008696AC /* SceneDelegate.swift in Sources */,
				282B7ECC26AC223000C72A76 /* WKUserScript_Extension.swift in Sources */,
				2836668F263D87FC0094D707 /* Extension_Rx.swift in Sources */,
				2836669726402B5E0094D707 /* UIScreen_Extension.swift in Sources */,
				2836666B261C9A480094D707 /* UICollectionView_Rx.swift in Sources */,
				28E5A96C25D618B000750E3B /* WebServer.swift in Sources */,
				28E5A99125D63A3E00750E3B /* UIViewController_Extension.swift in Sources */,
				E943FB5026A188B600B67C30 /* UIBaseConfig.swift in Sources */,
				286FF9DD25EB364200AC482A /* TabLayout.swift in Sources */,
				28E5A9AB25D63BE400750E3B /* TabWebView.swift in Sources */,
				282B7EBB26ABBF7F00C72A76 /* SettingModel.swift in Sources */,
				28E5A98D25D63A3E00750E3B /* UIApplication_Extension.swift in Sources */,
				28E5A98A25D63A3E00750E3B /* String_Extension.swift in Sources */,
				28E5A9A525D63B2B00750E3B /* WebController.swift in Sources */,
				28E5A99D25D63A5D00750E3B /* BaseViewController.swift in Sources */,
				28E5A99E25D63A5D00750E3B /* BaseNavigationController.swift in Sources */,
				282B7ECA26AC1A0200C72A76 /* WebConfigComponent.swift in Sources */,
				E92D2C0726E1BAA90011B81D /* WebToolBar.swift in Sources */,
				28B6AB9026194863008F73B2 /* WebSearchController.swift in Sources */,
				28E5A99F25D63A5D00750E3B /* BaseView.swift in Sources */,
				28554D932609C357006CB16A /* WebNavigationController.swift in Sources */,
				2836668A2631C6390094D707 /* WKWebview_Rx.swift in Sources */,
				2836663D261A8DFB0094D707 /* PersonalFavoritesController.swift in Sources */,
				E9DD1C2E2684173900586F26 /* SearchBar.swift in Sources */,
				28366658261AD4E70094D707 /* WebSiteModel.swift in Sources */,
				28E5A99C25D63A5D00750E3B /* BaseWebView.swift in Sources */,
				288DF8CF26AB7B2200767F15 /* LookArtActivityController.swift in Sources */,
				283666AC264043640094D707 /* ContextMenuPreview.swift in Sources */,
				28E5A99025D63A3E00750E3B /* FileManager_Extension.swift in Sources */,
				2836664B261A94BB0094D707 /* Importlibrary.swift in Sources */,
				28366644261A91E40094D707 /* PersonalFavoriteCell.swift in Sources */,
			);
			runOnlyForDeploymentPostprocessing = 0;
		};
		28D41CE125D403CB008696AC /* Sources */ = {
			isa = PBXSourcesBuildPhase;
			buildActionMask = 2147483647;
			files = (
				28D41CEA25D403CB008696AC /* LookArtTests.swift in Sources */,
			);
			runOnlyForDeploymentPostprocessing = 0;
		};
		28D41CEC25D403CB008696AC /* Sources */ = {
			isa = PBXSourcesBuildPhase;
			buildActionMask = 2147483647;
			files = (
				28D41CF525D403CB008696AC /* LookArtUITests.swift in Sources */,
			);
			runOnlyForDeploymentPostprocessing = 0;
		};
/* End PBXSourcesBuildPhase section */

/* Begin PBXTargetDependency section */
		28D41CE725D403CB008696AC /* PBXTargetDependency */ = {
			isa = PBXTargetDependency;
			target = 28D41CCE25D403CA008696AC /* LookArt */;
			targetProxy = 28D41CE625D403CB008696AC /* PBXContainerItemProxy */;
		};
		28D41CF225D403CB008696AC /* PBXTargetDependency */ = {
			isa = PBXTargetDependency;
			target = 28D41CCE25D403CA008696AC /* LookArt */;
			targetProxy = 28D41CF125D403CB008696AC /* PBXContainerItemProxy */;
		};
/* End PBXTargetDependency section */

/* Begin PBXVariantGroup section */
		28D41CD825D403CA008696AC /* Main.storyboard */ = {
			isa = PBXVariantGroup;
			children = (
				28D41CD925D403CA008696AC /* Base */,
			);
			name = Main.storyboard;
			sourceTree = "<group>";
		};
		28D41CDD25D403CB008696AC /* LaunchScreen.storyboard */ = {
			isa = PBXVariantGroup;
			children = (
				28D41CDE25D403CB008696AC /* Base */,
			);
			name = LaunchScreen.storyboard;
			sourceTree = "<group>";
		};
/* End PBXVariantGroup section */

/* Begin XCBuildConfiguration section */
		28D41CF725D403CB008696AC /* Debug */ = {
			isa = XCBuildConfiguration;
			buildSettings = {
				ALWAYS_SEARCH_USER_PATHS = NO;
				CLANG_ANALYZER_NONNULL = YES;
				CLANG_ANALYZER_NUMBER_OBJECT_CONVERSION = YES_AGGRESSIVE;
				CLANG_CXX_LANGUAGE_STANDARD = "gnu++14";
				CLANG_CXX_LIBRARY = "libc++";
				CLANG_ENABLE_MODULES = YES;
				CLANG_ENABLE_OBJC_ARC = YES;
				CLANG_ENABLE_OBJC_WEAK = YES;
				CLANG_WARN_BLOCK_CAPTURE_AUTORELEASING = YES;
				CLANG_WARN_BOOL_CONVERSION = YES;
				CLANG_WARN_COMMA = YES;
				CLANG_WARN_CONSTANT_CONVERSION = YES;
				CLANG_WARN_DEPRECATED_OBJC_IMPLEMENTATIONS = YES;
				CLANG_WARN_DIRECT_OBJC_ISA_USAGE = YES_ERROR;
				CLANG_WARN_DOCUMENTATION_COMMENTS = YES;
				CLANG_WARN_EMPTY_BODY = YES;
				CLANG_WARN_ENUM_CONVERSION = YES;
				CLANG_WARN_INFINITE_RECURSION = YES;
				CLANG_WARN_INT_CONVERSION = YES;
				CLANG_WARN_NON_LITERAL_NULL_CONVERSION = YES;
				CLANG_WARN_OBJC_IMPLICIT_RETAIN_SELF = YES;
				CLANG_WARN_OBJC_LITERAL_CONVERSION = YES;
				CLANG_WARN_OBJC_ROOT_CLASS = YES_ERROR;
				CLANG_WARN_QUOTED_INCLUDE_IN_FRAMEWORK_HEADER = YES;
				CLANG_WARN_RANGE_LOOP_ANALYSIS = YES;
				CLANG_WARN_STRICT_PROTOTYPES = YES;
				CLANG_WARN_SUSPICIOUS_MOVE = YES;
				CLANG_WARN_UNGUARDED_AVAILABILITY = YES_AGGRESSIVE;
				CLANG_WARN_UNREACHABLE_CODE = YES;
				CLANG_WARN__DUPLICATE_METHOD_MATCH = YES;
				COPY_PHASE_STRIP = NO;
				DEBUG_INFORMATION_FORMAT = dwarf;
				ENABLE_STRICT_OBJC_MSGSEND = YES;
				ENABLE_TESTABILITY = YES;
				GCC_C_LANGUAGE_STANDARD = gnu11;
				GCC_DYNAMIC_NO_PIC = NO;
				GCC_NO_COMMON_BLOCKS = YES;
				GCC_OPTIMIZATION_LEVEL = 0;
				GCC_PREPROCESSOR_DEFINITIONS = (
					"DEBUG=1",
					"$(inherited)",
				);
				GCC_WARN_64_TO_32_BIT_CONVERSION = YES;
				GCC_WARN_ABOUT_RETURN_TYPE = YES_ERROR;
				GCC_WARN_UNDECLARED_SELECTOR = YES;
				GCC_WARN_UNINITIALIZED_AUTOS = YES_AGGRESSIVE;
				GCC_WARN_UNUSED_FUNCTION = YES;
				GCC_WARN_UNUSED_VARIABLE = YES;
				IPHONEOS_DEPLOYMENT_TARGET = 14.3;
				MTL_ENABLE_DEBUG_INFO = INCLUDE_SOURCE;
				MTL_FAST_MATH = YES;
				ONLY_ACTIVE_ARCH = YES;
				SDKROOT = iphoneos;
				SWIFT_ACTIVE_COMPILATION_CONDITIONS = DEBUG;
				SWIFT_OBJC_BRIDGING_HEADER = "LookArt/LookArt-Bridging-Header.h";
				SWIFT_OPTIMIZATION_LEVEL = "-Onone";
			};
			name = Debug;
		};
		28D41CF825D403CB008696AC /* Release */ = {
			isa = XCBuildConfiguration;
			buildSettings = {
				ALWAYS_SEARCH_USER_PATHS = NO;
				CLANG_ANALYZER_NONNULL = YES;
				CLANG_ANALYZER_NUMBER_OBJECT_CONVERSION = YES_AGGRESSIVE;
				CLANG_CXX_LANGUAGE_STANDARD = "gnu++14";
				CLANG_CXX_LIBRARY = "libc++";
				CLANG_ENABLE_MODULES = YES;
				CLANG_ENABLE_OBJC_ARC = YES;
				CLANG_ENABLE_OBJC_WEAK = YES;
				CLANG_WARN_BLOCK_CAPTURE_AUTORELEASING = YES;
				CLANG_WARN_BOOL_CONVERSION = YES;
				CLANG_WARN_COMMA = YES;
				CLANG_WARN_CONSTANT_CONVERSION = YES;
				CLANG_WARN_DEPRECATED_OBJC_IMPLEMENTATIONS = YES;
				CLANG_WARN_DIRECT_OBJC_ISA_USAGE = YES_ERROR;
				CLANG_WARN_DOCUMENTATION_COMMENTS = YES;
				CLANG_WARN_EMPTY_BODY = YES;
				CLANG_WARN_ENUM_CONVERSION = YES;
				CLANG_WARN_INFINITE_RECURSION = YES;
				CLANG_WARN_INT_CONVERSION = YES;
				CLANG_WARN_NON_LITERAL_NULL_CONVERSION = YES;
				CLANG_WARN_OBJC_IMPLICIT_RETAIN_SELF = YES;
				CLANG_WARN_OBJC_LITERAL_CONVERSION = YES;
				CLANG_WARN_OBJC_ROOT_CLASS = YES_ERROR;
				CLANG_WARN_QUOTED_INCLUDE_IN_FRAMEWORK_HEADER = YES;
				CLANG_WARN_RANGE_LOOP_ANALYSIS = YES;
				CLANG_WARN_STRICT_PROTOTYPES = YES;
				CLANG_WARN_SUSPICIOUS_MOVE = YES;
				CLANG_WARN_UNGUARDED_AVAILABILITY = YES_AGGRESSIVE;
				CLANG_WARN_UNREACHABLE_CODE = YES;
				CLANG_WARN__DUPLICATE_METHOD_MATCH = YES;
				COPY_PHASE_STRIP = NO;
				DEBUG_INFORMATION_FORMAT = "dwarf-with-dsym";
				ENABLE_NS_ASSERTIONS = NO;
				ENABLE_STRICT_OBJC_MSGSEND = YES;
				GCC_C_LANGUAGE_STANDARD = gnu11;
				GCC_NO_COMMON_BLOCKS = YES;
				GCC_WARN_64_TO_32_BIT_CONVERSION = YES;
				GCC_WARN_ABOUT_RETURN_TYPE = YES_ERROR;
				GCC_WARN_UNDECLARED_SELECTOR = YES;
				GCC_WARN_UNINITIALIZED_AUTOS = YES_AGGRESSIVE;
				GCC_WARN_UNUSED_FUNCTION = YES;
				GCC_WARN_UNUSED_VARIABLE = YES;
				IPHONEOS_DEPLOYMENT_TARGET = 14.3;
				MTL_ENABLE_DEBUG_INFO = NO;
				MTL_FAST_MATH = YES;
				SDKROOT = iphoneos;
				SWIFT_COMPILATION_MODE = wholemodule;
				SWIFT_OBJC_BRIDGING_HEADER = "LookArt/LookArt-Bridging-Header.h";
				SWIFT_OPTIMIZATION_LEVEL = "-O";
				VALIDATE_PRODUCT = YES;
			};
			name = Release;
		};
		28D41CFA25D403CB008696AC /* Debug */ = {
			isa = XCBuildConfiguration;
			baseConfigurationReference = 03C4276F12A968BE493CD376 /* Pods-LookArt.debug.xcconfig */;
			buildSettings = {
				ASSETCATALOG_COMPILER_APPICON_NAME = AppIcon;
				ASSETCATALOG_COMPILER_GLOBAL_ACCENT_COLOR_NAME = AccentColor;
				CODE_SIGN_STYLE = Automatic;
				DEVELOPMENT_TEAM = N3HB8GN749;
				INFOPLIST_FILE = LookArt/Info.plist;
				IPHONEOS_DEPLOYMENT_TARGET = 13.0;
				LD_RUNPATH_SEARCH_PATHS = (
					"$(inherited)",
					"@executable_path/Frameworks",
				);
				PRODUCT_BUNDLE_IDENTIFIER = zhx.LookArt;
				PRODUCT_NAME = "$(TARGET_NAME)";
				SWIFT_OBJC_BRIDGING_HEADER = "LookArt/LookArt-Bridging-Header.h";
				SWIFT_VERSION = 5.0;
				TARGETED_DEVICE_FAMILY = "1,2";
			};
			name = Debug;
		};
		28D41CFB25D403CB008696AC /* Release */ = {
			isa = XCBuildConfiguration;
			baseConfigurationReference = 2A999DB89F4491B095731003 /* Pods-LookArt.release.xcconfig */;
			buildSettings = {
				ASSETCATALOG_COMPILER_APPICON_NAME = AppIcon;
				ASSETCATALOG_COMPILER_GLOBAL_ACCENT_COLOR_NAME = AccentColor;
				CODE_SIGN_STYLE = Automatic;
				DEVELOPMENT_TEAM = N3HB8GN749;
				INFOPLIST_FILE = LookArt/Info.plist;
				IPHONEOS_DEPLOYMENT_TARGET = 13.0;
				LD_RUNPATH_SEARCH_PATHS = (
					"$(inherited)",
					"@executable_path/Frameworks",
				);
				PRODUCT_BUNDLE_IDENTIFIER = zhx.LookArt;
				PRODUCT_NAME = "$(TARGET_NAME)";
				SWIFT_OBJC_BRIDGING_HEADER = "LookArt/LookArt-Bridging-Header.h";
				SWIFT_VERSION = 5.0;
				TARGETED_DEVICE_FAMILY = "1,2";
			};
			name = Release;
		};
		28D41CFD25D403CB008696AC /* Debug */ = {
			isa = XCBuildConfiguration;
			baseConfigurationReference = 19D9FF881B5D805F145F1BF3 /* Pods-LookArtTests.debug.xcconfig */;
			buildSettings = {
				ALWAYS_EMBED_SWIFT_STANDARD_LIBRARIES = YES;
				BUNDLE_LOADER = "$(TEST_HOST)";
				CODE_SIGN_STYLE = Automatic;
				DEVELOPMENT_TEAM = N3HB8GN749;
				INFOPLIST_FILE = LookArtTests/Info.plist;
				IPHONEOS_DEPLOYMENT_TARGET = 14.3;
				LD_RUNPATH_SEARCH_PATHS = (
					"$(inherited)",
					"@executable_path/Frameworks",
					"@loader_path/Frameworks",
				);
				PRODUCT_BUNDLE_IDENTIFIER = zhx.LookArtTests;
				PRODUCT_NAME = "$(TARGET_NAME)";
				SWIFT_VERSION = 5.0;
				TARGETED_DEVICE_FAMILY = "1,2";
				TEST_HOST = "$(BUILT_PRODUCTS_DIR)/LookArt.app/LookArt";
			};
			name = Debug;
		};
		28D41CFE25D403CB008696AC /* Release */ = {
			isa = XCBuildConfiguration;
			baseConfigurationReference = 95FDA7E5EB63CCCF4650403A /* Pods-LookArtTests.release.xcconfig */;
			buildSettings = {
				ALWAYS_EMBED_SWIFT_STANDARD_LIBRARIES = YES;
				BUNDLE_LOADER = "$(TEST_HOST)";
				CODE_SIGN_STYLE = Automatic;
				DEVELOPMENT_TEAM = N3HB8GN749;
				INFOPLIST_FILE = LookArtTests/Info.plist;
				IPHONEOS_DEPLOYMENT_TARGET = 14.3;
				LD_RUNPATH_SEARCH_PATHS = (
					"$(inherited)",
					"@executable_path/Frameworks",
					"@loader_path/Frameworks",
				);
				PRODUCT_BUNDLE_IDENTIFIER = zhx.LookArtTests;
				PRODUCT_NAME = "$(TARGET_NAME)";
				SWIFT_VERSION = 5.0;
				TARGETED_DEVICE_FAMILY = "1,2";
				TEST_HOST = "$(BUILT_PRODUCTS_DIR)/LookArt.app/LookArt";
			};
			name = Release;
		};
		28D41D0025D403CB008696AC /* Debug */ = {
			isa = XCBuildConfiguration;
			baseConfigurationReference = 15EF7115A5E5522A72F64341 /* Pods-LookArt-LookArtUITests.debug.xcconfig */;
			buildSettings = {
				ALWAYS_EMBED_SWIFT_STANDARD_LIBRARIES = YES;
				CODE_SIGN_STYLE = Automatic;
				DEVELOPMENT_TEAM = N3HB8GN749;
				INFOPLIST_FILE = LookArtUITests/Info.plist;
				LD_RUNPATH_SEARCH_PATHS = (
					"$(inherited)",
					"@executable_path/Frameworks",
					"@loader_path/Frameworks",
				);
				PRODUCT_BUNDLE_IDENTIFIER = zhx.LookArtUITests;
				PRODUCT_NAME = "$(TARGET_NAME)";
				SWIFT_VERSION = 5.0;
				TARGETED_DEVICE_FAMILY = "1,2";
				TEST_TARGET_NAME = LookArt;
			};
			name = Debug;
		};
		28D41D0125D403CB008696AC /* Release */ = {
			isa = XCBuildConfiguration;
			baseConfigurationReference = 3CFEBE6380719DFE88E73263 /* Pods-LookArt-LookArtUITests.release.xcconfig */;
			buildSettings = {
				ALWAYS_EMBED_SWIFT_STANDARD_LIBRARIES = YES;
				CODE_SIGN_STYLE = Automatic;
				DEVELOPMENT_TEAM = N3HB8GN749;
				INFOPLIST_FILE = LookArtUITests/Info.plist;
				LD_RUNPATH_SEARCH_PATHS = (
					"$(inherited)",
					"@executable_path/Frameworks",
					"@loader_path/Frameworks",
				);
				PRODUCT_BUNDLE_IDENTIFIER = zhx.LookArtUITests;
				PRODUCT_NAME = "$(TARGET_NAME)";
				SWIFT_VERSION = 5.0;
				TARGETED_DEVICE_FAMILY = "1,2";
				TEST_TARGET_NAME = LookArt;
			};
			name = Release;
		};
/* End XCBuildConfiguration section */

/* Begin XCConfigurationList section */
		28D41CCA25D403CA008696AC /* Build configuration list for PBXProject "LookArt" */ = {
			isa = XCConfigurationList;
			buildConfigurations = (
				28D41CF725D403CB008696AC /* Debug */,
				28D41CF825D403CB008696AC /* Release */,
			);
			defaultConfigurationIsVisible = 0;
			defaultConfigurationName = Release;
		};
		28D41CF925D403CB008696AC /* Build configuration list for PBXNativeTarget "LookArt" */ = {
			isa = XCConfigurationList;
			buildConfigurations = (
				28D41CFA25D403CB008696AC /* Debug */,
				28D41CFB25D403CB008696AC /* Release */,
			);
			defaultConfigurationIsVisible = 0;
			defaultConfigurationName = Release;
		};
		28D41CFC25D403CB008696AC /* Build configuration list for PBXNativeTarget "LookArtTests" */ = {
			isa = XCConfigurationList;
			buildConfigurations = (
				28D41CFD25D403CB008696AC /* Debug */,
				28D41CFE25D403CB008696AC /* Release */,
			);
			defaultConfigurationIsVisible = 0;
			defaultConfigurationName = Release;
		};
		28D41CFF25D403CB008696AC /* Build configuration list for PBXNativeTarget "LookArtUITests" */ = {
			isa = XCConfigurationList;
			buildConfigurations = (
				28D41D0025D403CB008696AC /* Debug */,
				28D41D0125D403CB008696AC /* Release */,
			);
			defaultConfigurationIsVisible = 0;
			defaultConfigurationName = Release;
		};
/* End XCConfigurationList section */
	};
	rootObject = 28D41CC725D403CA008696AC /* Project object */;
}
